
Microsoft Visual Studio Solution File, Format Version 12.00
# Visual Studio Version 17
VisualStudioVersion = 17.0.31903.59
MinimumVisualStudioVersion = 10.0.40219.1
Project("{FAE04EC0-301F-11D3-BF4B-00C04F79EFBC}") = "PartyBuddies.Api", "PartyBuddies.Api\PartyBuddies.Api.csproj", "{A0F1D07A-C8A7-4994-A7DD-74CCB3C8692F}"
EndProject
Project("{FAE04EC0-301F-11D3-BF4B-00C04F79EFBC}") = "PartyBuddies.Application", "PartyBuddies.Application\PartyBuddies.Application.csproj", "{61A08EE8-E607-404A-A148-4F7247E2BAED}"
EndProject
Project("{FAE04EC0-301F-11D3-BF4B-00C04F79EFBC}") = "PartyBuddies.Contracts", "PartyBuddies.Contracts\PartyBuddies.Contracts.csproj", "{55D1DECB-6262-410A-9FDC-81AB90FDDB04}"
EndProject
Project("{FAE04EC0-301F-11D3-BF4B-00C04F79EFBC}") = "PartyBuddies.Domain", "PartyBuddies.Domain\PartyBuddies.Domain.csproj", "{0803A090-D606-4AA2-9290-E5680CD8B4F3}"
EndProject
Project("{FAE04EC0-301F-11D3-BF4B-00C04F79EFBC}") = "PartyBuddies.Infrastructure", "PartyBuddies.Infrastructure\PartyBuddies.Infrastructure.csproj", "{3240CBB7-2341-466F-A2B2-3ED582E2C052}"
EndProject
Global
	GlobalSection(SolutionConfigurationPlatforms) = preSolution
		Debug|Any CPU = Debug|Any CPU
		Release|Any CPU = Release|Any CPU
	EndGlobalSection
	GlobalSection(SolutionProperties) = preSolution
		HideSolutionNode = FALSE
	EndGlobalSection
	GlobalSection(ProjectConfigurationPlatforms) = postSolution
		{A0F1D07A-C8A7-4994-A7DD-74CCB3C8692F}.Debug|Any CPU.ActiveCfg = Debug|Any CPU
		{A0F1D07A-C8A7-4994-A7DD-74CCB3C8692F}.Debug|Any CPU.Build.0 = Debug|Any CPU
		{A0F1D07A-C8A7-4994-A7DD-74CCB3C8692F}.Release|Any CPU.ActiveCfg = Release|Any CPU
		{A0F1D07A-C8A7-4994-A7DD-74CCB3C8692F}.Release|Any CPU.Build.0 = Release|Any CPU
		{61A08EE8-E607-404A-A148-4F7247E2BAED}.Debug|Any CPU.ActiveCfg = Debug|Any CPU
		{61A08EE8-E607-404A-A148-4F7247E2BAED}.Debug|Any CPU.Build.0 = Debug|Any CPU
		{61A08EE8-E607-404A-A148-4F7247E2BAED}.Release|Any CPU.ActiveCfg = Release|Any CPU
		{61A08EE8-E607-404A-A148-4F7247E2BAED}.Release|Any CPU.Build.0 = Release|Any CPU
		{55D1DECB-6262-410A-9FDC-81AB90FDDB04}.Debug|Any CPU.ActiveCfg = Debug|Any CPU
		{55D1DECB-6262-410A-9FDC-81AB90FDDB04}.Debug|Any CPU.Build.0 = Debug|Any CPU
		{55D1DECB-6262-410A-9FDC-81AB90FDDB04}.Release|Any CPU.ActiveCfg = Release|Any CPU
		{55D1DECB-6262-410A-9FDC-81AB90FDDB04}.Release|Any CPU.Build.0 = Release|Any CPU
		{0803A090-D606-4AA2-9290-E5680CD8B4F3}.Debug|Any CPU.ActiveCfg = Debug|Any CPU
		{0803A090-D606-4AA2-9290-E5680CD8B4F3}.Debug|Any CPU.Build.0 = Debug|Any CPU
		{0803A090-D606-4AA2-9290-E5680CD8B4F3}.Release|Any CPU.ActiveCfg = Release|Any CPU
		{0803A090-D606-4AA2-9290-E5680CD8B4F3}.Release|Any CPU.Build.0 = Release|Any CPU
		{3240CBB7-2341-466F-A2B2-3ED582E2C052}.Debug|Any CPU.ActiveCfg = Debug|Any CPU
		{3240CBB7-2341-466F-A2B2-3ED582E2C052}.Debug|Any CPU.Build.0 = Debug|Any CPU
		{3240CBB7-2341-466F-A2B2-3ED582E2C052}.Release|Any CPU.ActiveCfg = Release|Any CPU
		{3240CBB7-2341-466F-A2B2-3ED582E2C052}.Release|Any CPU.Build.0 = Release|Any CPU
	EndGlobalSection
EndGlobal
